# This file is generated by running "yarn install" inside your project.
# Manual changes might be lost - proceed with caution!

__metadata:
  version: 8
  cacheKey: 10c0

"@reposeal/opencode-plugin@workspace:packages/opencode-plugin":
  version: 0.0.0-use.local
  resolution: "@reposeal/opencode-plugin@workspace:packages/opencode-plugin"
  dependencies:
    "@types/node": "npm:^26.1.1"
  languageName: unknown
  linkType: soft

"@reposeal/sdk@workspace:packages/typescript-sdk":
  version: 0.0.0-use.local
  resolution: "@reposeal/sdk@workspace:packages/typescript-sdk"
  dependencies:
    "@types/node": "npm:^26.1.1"
  languageName: unknown
  linkType: soft

"@types/node@npm:^26.1.1":
  version: 26.1.1
  resolution: "@types/node@npm:26.1.1"
  dependencies:
    undici-types: "npm:~8.3.0"
  checksum: 10c0/25ac5093195736dd074d5027adbba85617bc951d5a41506ebd3b9073048acb7233613f3822d5f9b9447f9c0841c91f6387c46283916767e3ef79f23917452c46
  languageName: node
  linkType: hard

"@types/vscode@npm:^1.100.0":
  version: 1.125.0
  resolution: "@types/vscode@npm:1.125.0"
  checksum: 10c0/f183f16fd5ae287e1743d06841db78fecdf628ffb36e806eba63b1072a5be40ea310be46bf77ac260269899ddf68fe5c0ecc2a739924e0aa039630f6079fea99
  languageName: node
  linkType: hard

"reposeal-vscode@workspace:packages/vscode-extension":
  version: 0.0.0-use.local
  resolution: "reposeal-vscode@workspace:packages/vscode-extension"
  dependencies:
    "@types/node": "npm:^26.1.1"
    "@types/vscode": "npm:^1.100.0"
  languageName: unknown
  linkType: soft

"reposeal-workspace@workspace:.":
  version: 0.0.0-use.local
  resolution: "reposeal-workspace@workspace:."
  dependencies:
    typescript: "npm:^5.9.3"
  languageName: unknown
  linkType: soft

"typescript@npm:^5.9.3":
  version: 5.9.3
  resolution: "typescript@npm:5.9.3"
  bin:
    tsc: bin/tsc
    tsserver: bin/tsserver
  checksum: 10c0/6bd7552ce39f97e711db5aa048f6f9995b53f1c52f7d8667c1abdc1700c68a76a308f579cd309ce6b53646deb4e9a1be7c813a93baaf0a28ccd536a30270e1c5
  languageName: node
  linkType: hard

"typescript@patch:typescript@npm%3A^5.9.3#optional!builtin<compat/typescript>":
  version: 5.9.3
  resolution: "typescript@patch:typescript@npm%3A5.9.3#optional!builtin<compat/typescript>::version=5.9.3&hash=5786d5"
  bin:
    tsc: bin/tsc
    tsserver: bin/tsserver
  checksum: 10c0/ad09fdf7a756814dce65bc60c1657b40d44451346858eea230e10f2e95a289d9183b6e32e5c11e95acc0ccc214b4f36289dcad4bf1886b0adb84d711d336a430
  languageName: node
  linkType: hard

"undici-types@npm:~8.3.0":
  version: 8.3.0
  resolution: "undici-types@npm:8.3.0"
  checksum: 10c0/c8aa7e2fbebfce519654dafadc0ece59be888d2ccaf180fb4495da875e7b536d2456345c384069c7e6f3e9c9ab7435f074957da306f142343eee86ff8048855a
  languageName: node
  linkType: hard
